// !$*UTF8*$!
{
	archiveVersion = 1;
	classes = {
	};
	objectVersion = 50;
	objects = {

/* Begin PBXBuildFile section */
		F13E30B426CD2CF400ED8335 /* AppDelegate.swift in Sources */ = {isa = PBXBuildFile; fileRef = F13E30B326CD2CF400ED8335 /* AppDelegate.swift */; };
		F13E30B626CD2CF400ED8335 /* SceneDelegate.swift in Sources */ = {isa = PBXBuildFile; fileRef = F13E30B526CD2CF400ED8335 /* SceneDelegate.swift */; };
		F13E30B826CD2CF400ED8335 /* ViewController.swift in Sources */ = {isa = PBXBuildFile; fileRef = F13E30B726CD2CF400ED8335 /* ViewController.swift */; };
		F13E30BB26CD2CF400ED8335 /* Main.storyboard in Resources */ = {isa = PBXBuildFile; fileRef = F13E30B926CD2CF400ED8335 /* Main.storyboard */; };
		F13E30BD26CD2CF600ED8335 /* Assets.xcassets in Resources */ = {isa = PBXBuildFile; fileRef = F13E30BC26CD2CF600ED8335 /* Assets.xcassets */; };
		F13E30C026CD2CF600ED8335 /* LaunchScreen.storyboard in Resources */ = {isa = PBXBuildFile; fileRef = F13E30BE26CD2CF600ED8335 /* LaunchScreen.storyboard */; };
/* End PBXBuildFile section */

/* Begin PBXFileReference section */
		F13E30B026CD2CF400ED8335 /* 1_TrafficLights.app */ = {isa = PBXFileReference; explicitFileType = wrapper.application; includeInIndex = 0; path = 1_TrafficLights.app; sourceTree = BUILT_PRODUCTS_DIR; };
		F13E30B326CD2CF400ED8335 /* AppDelegate.swift */ = {isa = PBXFileReference; lastKnownFileType = sourcecode.swift; path = AppDelegate.swift; sourceTree = "<group>"; };
		F13E30B526CD2CF400ED8335 /* SceneDelegate.swift */ = {isa = PBXFileReference; lastKnownFileType = sourcecode.swift; path = SceneDelegate.swift; sourceTree = "<group>"; };
		F13E30B726CD2CF400ED8335 /* ViewController.swift */ = {isa = PBXFileReference; lastKnownFileType = sourcecode.swift; path = ViewController.swift; sourceTree = "<group>"; };
		F13E30BA26CD2CF400ED8335 /* Base */ = {isa = PBXFileReference; lastKnownFileType = file.storyboard; name = Base; path = Base.lproj/Main.storyboard; sourceTree = "<group>"; };
		F13E30BC26CD2CF600ED8335 /* Assets.xcassets */ = {isa = PBXFileReference; lastKnownFileType = folder.assetcatalog; path = Assets.xcassets; sourceTree = "<group>"; };
		F13E30BF26CD2CF600ED8335 /* Base */ = {isa = PBXFileReference; lastKnownFileType = file.storyboard; name = Base; path = Base.lproj/LaunchScreen.storyboard; sourceTree = "<group>"; };
		F13E30C126CD2CF600ED8335 /* Info.plist */ = {isa = PBXFileReference; lastKnownFileType = text.plist.xml; path = Info.plist; sourceTree = "<group>"; };
/* End PBXFileReference section */

/* Begin PBXFrameworksBuildPhase section */
		F13E30AD26CD2CF400ED8335 /* Frameworks */ = {
			isa = PBXFrameworksBuildPhase;
			buildActionMask = 2147483647;
			files = (
			);
			runOnlyForDeploymentPostprocessing = 0;
		};
/* End PBXFrameworksBuildPhase section */

/* Begin PBXGroup section */
		F13E30A726CD2CF400ED8335 = {
			isa = PBXGroup;
			children = (
				F13E30B226CD2CF400ED8335 /* 1_TrafficLights */,
				F13E30B126CD2CF400ED8335 /* Products */,
			);
			sourceTree = "<group>";
		};
		F13E30B126CD2CF400ED8335 /* Products */ = {
			isa = PBXGroup;
			children = (
				F13E30B026CD2CF400ED8335 /* 1_TrafficLights.app */,
			);
			name = Products;
			sourceTree = "<group>";
		};
		F13E30B226CD2CF400ED8335 /* 1_TrafficLights */ = {
			isa = PBXGroup;
			children = (
				F13E30B326CD2CF400ED8335 /* AppDelegate.swift */,
				F13E30B526CD2CF400ED8335 /* SceneDelegate.swift */,
				F13E30B726CD2CF400ED8335 /* ViewController.swift */,
				F13E30B926CD2CF400ED8335 /* Main.storyboard */,
				F13E30BC26CD2CF600ED8335 /* Assets.xcassets */,
				F13E30BE26CD2CF600ED8335 /* LaunchScreen.storyboard */,
				F13E30C126CD2CF600ED8335 /* Info.plist */,
			);
			path = 1_TrafficLights;
			sourceTree = "<group>";
		};
/* End PBXGroup section */

/* Begin PBXNativeTarget section */
		F13E30AF26CD2CF400ED8335 /* 1_TrafficLights */ = {
			isa = PBXNativeTarget;
			buildConfigurationList = F13E30C426CD2CF600ED8335 /* Build configuration list for PBXNativeTarget "1_TrafficLights" */;
			buildPhases = (
				F13E30AC26CD2CF400ED8335 /* Sources */,
				F13E30AD26CD2CF400ED8335 /* Frameworks */,
				F13E30AE26CD2CF400ED8335 /* Resources */,
			);
			buildRules = (
			);
			dependencies = (
			);
			name = 1_TrafficLights;
			productName = 1_TrafficLights;
			productReference = F13E30B026CD2CF400ED8335 /* 1_TrafficLights.app */;
			productType = "com.apple.product-type.application";
		};
/* End PBXNativeTarget section */

/* Begin PBXProject section */
		F13E30A826CD2CF400ED8335 /* Project object */ = {
			isa = PBXProject;
			attributes = {
				LastSwiftUpdateCheck = 1250;
				LastUpgradeCheck = 1250;
				TargetAttributes = {
					F13E30AF26CD2CF400ED8335 = {
						CreatedOnToolsVersion = 12.5;
					};
				};
			};
			buildConfigurationList = F13E30AB26CD2CF400ED8335 /* Build configuration list for PBXProject "1_TrafficLights" */;
			compatibilityVersion = "Xcode 9.3";
			developmentRegion = en;
			hasScannedForEncodings = 0;
			knownRegions = (
				en,
				Base,
			);
			mainGroup = F13E30A726CD2CF400ED8335;
			productRefGroup = F13E30B126CD2CF400ED8335 /* Products */;
			projectDirPath = "";
			projectRoot = "";
			targets = (
				F13E30AF26CD2CF400ED8335 /* 1_TrafficLights */,
			);
		};
/* End PBXProject section */

/* Begin PBXResourcesBuildPhase section */
		F13E30AE26CD2CF400ED8335 /* Resources */ = {
			isa = PBXResourcesBuildPhase;
			buildActionMask = 2147483647;
			files = (
				F13E30C026CD2CF600ED8335 /* LaunchScreen.storyboard in Resources */,
				F13E30BD26CD2CF600ED8335 /* Assets.xcassets in Resources */,
				F13E30BB26CD2CF400ED8335 /* Main.storyboard in Resources */,
			);
			runOnlyForDeploymentPostprocessing = 0;
		};
/* End PBXResourcesBuildPhase section */

/* Begin PBXSourcesBuildPhase section */
		F13E30AC26CD2CF400ED8335 /* Sources */ = {
			isa = PBXSourcesBuildPhase;
			buildActionMask = 2147483647;
			files = (
				F13E30B826CD2CF400ED8335 /* ViewController.swift in Sources */,
				F13E30B426CD2CF400ED8335 /* AppDelegate.swift in Sources */,
				F13E30B626CD2CF400ED8335 /* SceneDelegate.swift in Sources */,
			);
			runOnlyForDeploymentPostprocessing = 0;
		};
/* End PBXSourcesBuildPhase section */

/* Begin PBXVariantGroup section */
		F13E30B926CD2CF400ED8335 /* Main.storyboard */ = {
			isa = PBXVariantGroup;
			children = (
				F13E30BA26CD2CF400ED8335 /* Base */,
			);
			name = Main.storyboard;
			sourceTree = "<group>";
		};
		F13E30BE26CD2CF600ED8335 /* LaunchScreen.storyboard */ = {
			isa = PBXVariantGroup;
			children = (
				F13E30BF26CD2CF600ED8335 /* Base */,
			);
			name = LaunchScreen.storyboard;
			sourceTree = "<group>";
		};
/* End PBXVariantGroup section */

/* Begin XCBuildConfiguration section */
		F13E30C226CD2CF600ED8335 /* Debug */ = {
			isa = XCBuildConfiguration;
			buildSettings = {
				ALWAYS_SEARCH_USER_PATHS = NO;
				CLANG_ANALYZER_NONNULL = YES;
				CLANG_ANALYZER_NUMBER_OBJECT_CONVERSION = YES_AGGRESSIVE;
				CLANG_CXX_LANGUAGE_STANDARD = "gnu++14";
				CLANG_CXX_LIBRARY = "libc++";
				CLANG_ENABLE_MODULES = YES;
				CLANG_ENABLE_OBJC_ARC = YES;
				CLANG_ENABLE_OBJC_WEAK = YES;
				CLANG_WARN_BLOCK_CAPTURE_AUTORELEASING = YES;
				CLANG_WARN_BOOL_CONVERSION = YES;
				CLANG_WARN_COMMA = YES;
				CLANG_WARN_CONSTANT_CONVERSION = YES;
				CLANG_WARN_DEPRECATED_OBJC_IMPLEMENTATIONS = YES;
				CLANG_WARN_DIRECT_OBJC_ISA_USAGE = YES_ERROR;
				CLANG_WARN_DOCUMENTATION_COMMENTS = YES;
				CLANG_WARN_EMPTY_BODY = YES;
				CLANG_WARN_ENUM_CONVERSION = YES;
				CLANG_WARN_INFINITE_RECURSION = YES;
				CLANG_WARN_INT_CONVERSION = YES;
				CLANG_WARN_NON_LITERAL_NULL_CONVERSION = YES;
				CLANG_WARN_OBJC_IMPLICIT_RETAIN_SELF = YES;
				CLANG_WARN_OBJC_LITERAL_CONVERSION = YES;
				CLANG_WARN_OBJC_ROOT_CLASS = YES_ERROR;
				CLANG_WARN_QUOTED_INCLUDE_IN_FRAMEWORK_HEADER = YES;
				CLANG_WARN_RANGE_LOOP_ANALYSIS = YES;
				CLANG_WARN_STRICT_PROTOTYPES = YES;
				CLANG_WARN_SUSPICIOUS_MOVE = YES;
				CLANG_WARN_UNGUARDED_AVAILABILITY = YES_AGGRESSIVE;
				CLANG_WARN_UNREACHABLE_CODE = YES;
				CLANG_WARN__DUPLICATE_METHOD_MATCH = YES;
				COPY_PHASE_STRIP = NO;
				DEBUG_INFORMATION_FORMAT = dwarf;
				ENABLE_STRICT_OBJC_MSGSEND = YES;
				ENABLE_TESTABILITY = YES;
				GCC_C_LANGUAGE_STANDARD = gnu11;
				GCC_DYNAMIC_NO_PIC = NO;
				GCC_NO_COMMON_BLOCKS = YES;
				GCC_OPTIMIZATION_LEVEL = 0;
				GCC_PREPROCESSOR_DEFINITIONS = (
					"DEBUG=1",
					"$(inherited)",
				);
				GCC_WARN_64_TO_32_BIT_CONVERSION = YES;
				GCC_WARN_ABOUT_RETURN_TYPE = YES_ERROR;
				GCC_WARN_UNDECLARED_SELECTOR = YES;
				GCC_WARN_UNINITIALIZED_AUTOS = YES_AGGRESSIVE;
				GCC_WARN_UNUSED_FUNCTION = YES;
				GCC_WARN_UNUSED_VARIABLE = YES;
				IPHONEOS_DEPLOYMENT_TARGET = 14.5;
				MTL_ENABLE_DEBUG_INFO = INCLUDE_SOURCE;
				MTL_FAST_MATH = YES;
				ONLY_ACTIVE_ARCH = YES;
				SDKROOT = iphoneos;
				SWIFT_ACTIVE_COMPILATION_CONDITIONS = DEBUG;
				SWIFT_OPTIMIZATION_LEVEL = "-Onone";
			};
			name = Debug;
		};
		F13E30C326CD2CF600ED8335 /* Release */ = {
			isa = XCBuildConfiguration;
			buildSettings = {
				ALWAYS_SEARCH_USER_PATHS = NO;
				CLANG_ANALYZER_NONNULL = YES;
				CLANG_ANALYZER_NUMBER_OBJECT_CONVERSION = YES_AGGRESSIVE;
				CLANG_CXX_LANGUAGE_STANDARD = "gnu++14";
				CLANG_CXX_LIBRARY = "libc++";
				CLANG_ENABLE_MODULES = YES;
				CLANG_ENABLE_OBJC_ARC = YES;
				CLANG_ENABLE_OBJC_WEAK = YES;
				CLANG_WARN_BLOCK_CAPTURE_AUTORELEASING = YES;
				CLANG_WARN_BOOL_CONVERSION = YES;
				CLANG_WARN_COMMA = YES;
				CLANG_WARN_CONSTANT_CONVERSION = YES;
				CLANG_WARN_DEPRECATED_OBJC_IMPLEMENTATIONS = YES;
				CLANG_WARN_DIRECT_OBJC_ISA_USAGE = YES_ERROR;
				CLANG_WARN_DOCUMENTATION_COMMENTS = YES;
				CLANG_WARN_EMPTY_BODY = YES;
				CLANG_WARN_ENUM_CONVERSION = YES;
				CLANG_WARN_INFINITE_RECURSION = YES;
				CLANG_WARN_INT_CONVERSION = YES;
				CLANG_WARN_NON_LITERAL_NULL_CONVERSION = YES;
				CLANG_WARN_OBJC_IMPLICIT_RETAIN_SELF = YES;
				CLANG_WARN_OBJC_LITERAL_CONVERSION = YES;
				CLANG_WARN_OBJC_ROOT_CLASS = YES_ERROR;
				CLANG_WARN_QUOTED_INCLUDE_IN_FRAMEWORK_HEADER = YES;
				CLANG_WARN_RANGE_LOOP_ANALYSIS = YES;
				CLANG_WARN_STRICT_PROTOTYPES = YES;
				CLANG_WARN_SUSPICIOUS_MOVE = YES;
				CLANG_WARN_UNGUARDED_AVAILABILITY = YES_AGGRESSIVE;
				CLANG_WARN_UNREACHABLE_CODE = YES;
				CLANG_WARN__DUPLICATE_METHOD_MATCH = YES;
				COPY_PHASE_STRIP = NO;
				DEBUG_INFORMATION_FORMAT = "dwarf-with-dsym";
				ENABLE_NS_ASSERTIONS = NO;
				ENABLE_STRICT_OBJC_MSGSEND = YES;
				GCC_C_LANGUAGE_STANDARD = gnu11;
				GCC_NO_COMMON_BLOCKS = YES;
				GCC_WARN_64_TO_32_BIT_CONVERSION = YES;
				GCC_WARN_ABOUT_RETURN_TYPE = YES_ERROR;
				GCC_WARN_UNDECLARED_SELECTOR = YES;
				GCC_WARN_UNINITIALIZED_AUTOS = YES_AGGRESSIVE;
				GCC_WARN_UNUSED_FUNCTION = YES;
				GCC_WARN_UNUSED_VARIABLE = YES;
				IPHONEOS_DEPLOYMENT_TARGET = 14.5;
				MTL_ENABLE_DEBUG_INFO = NO;
				MTL_FAST_MATH = YES;
				SDKROOT = iphoneos;
				SWIFT_COMPILATION_MODE = wholemodule;
				SWIFT_OPTIMIZATION_LEVEL = "-O";
				VALIDATE_PRODUCT = YES;
			};
			name = Release;
		};
		F13E30C526CD2CF600ED8335 /* Debug */ = {
			isa = XCBuildConfiguration;
			buildSettings = {
				ASSETCATALOG_COMPILER_APPICON_NAME = AppIcon;
				ASSETCATALOG_COMPILER_GLOBAL_ACCENT_COLOR_NAME = AccentColor;
				CODE_SIGN_STYLE = Automatic;
				DEVELOPMENT_TEAM = RR2792TYH2;
				INFOPLIST_FILE = 1_TrafficLights/Info.plist;
				LD_RUNPATH_SEARCH_PATHS = (
					"$(inherited)",
					"@executable_path/Frameworks",
				);
				PRODUCT_BUNDLE_IDENTIFIER = "com.ravilgab.--TrafficLights";
				PRODUCT_NAME = "$(TARGET_NAME)";
				SWIFT_VERSION = 5.0;
				TARGETED_DEVICE_FAMILY = "1,2";
			};
			name = Debug;
		};
		F13E30C626CD2CF600ED8335 /* Release */ = {
			isa = XCBuildConfiguration;
			buildSettings = {
				ASSETCATALOG_COMPILER_APPICON_NAME = AppIcon;
				ASSETCATALOG_COMPILER_GLOBAL_ACCENT_COLOR_NAME = AccentColor;
				CODE_SIGN_STYLE = Automatic;
				DEVELOPMENT_TEAM = RR2792TYH2;
				INFOPLIST_FILE = 1_TrafficLights/Info.plist;
				LD_RUNPATH_SEARCH_PATHS = (
					"$(inherited)",
					"@executable_path/Frameworks",
				);
				PRODUCT_BUNDLE_IDENTIFIER = "com.ravilgab.--TrafficLights";
				PRODUCT_NAME = "$(TARGET_NAME)";
				SWIFT_VERSION = 5.0;
				TARGETED_DEVICE_FAMILY = "1,2";
			};
			name = Release;
		};
/* End XCBuildConfiguration section */

/* Begin XCConfigurationList section */
		F13E30AB26CD2CF400ED8335 /* Build configuration list for PBXProject "1_TrafficLights" */ = {
			isa = XCConfigurationList;
			buildConfigurations = (
				F13E30C226CD2CF600ED8335 /* Debug */,
				F13E30C326CD2CF600ED8335 /* Release */,
			);
			defaultConfigurationIsVisible = 0;
			defaultConfigurationName = Release;
		};
		F13E30C426CD2CF600ED8335 /* Build configuration list for PBXNativeTarget "1_TrafficLights" */ = {
			isa = XCConfigurationList;
			buildConfigurations = (
				F13E30C526CD2CF600ED8335 /* Debug */,
				F13E30C626CD2CF600ED8335 /* Release */,
			);
			defaultConfigurationIsVisible = 0;
			defaultConfigurationName = Release;
		};
/* End XCConfigurationList section */
	};
	rootObject = F13E30A826CD2CF400ED8335 /* Project object */;
}
